
Microsoft Visual Studio Solution File, Format Version 12.00
# Visual Studio Version 17
VisualStudioVersion = 17.5.002.0
MinimumVisualStudioVersion = 10.0.40219.1
Project("{9A19103F-16F7-4668-BE54-9A1E7A4F7556}") = "Day_1", "Day_1.csproj", "{9AF37E98-8EC6-4F89-9A72-B8742BF4A54E}"
EndProject
Project("{FAE04EC0-301F-11D3-BF4B-00C04F79EFBC}") = "Day_2", "..\Day_2\Day_2.csproj", "{B65405F9-1782-4FAD-AD2F-714F4DE41749}"
EndProject
Project("{FAE04EC0-301F-11D3-BF4B-00C04F79EFBC}") = "day_4", "..\day_4\day_4.csproj", "{DABA4D37-7315-42B5-8FBC-1640DFDEDAD8}"
EndProject
Project("{FAE04EC0-301F-11D3-BF4B-00C04F79EFBC}") = "day_5", "..\day_5\day_5.csproj", "{452718FA-B62A-44AD-A02C-BA471BED6E00}"
EndProject
Project("{FAE04EC0-301F-11D3-BF4B-00C04F79EFBC}") = "day_6", "..\day_6\day_6.csproj", "{510DE8C3-C083-4808-9B53-AA66DCFE6602}"
EndProject
Project("{FAE04EC0-301F-11D3-BF4B-00C04F79EFBC}") = "day_7", "..\day_7\day_7.csproj", "{E440AB88-EE69-447B-ABE8-67E48127B02C}"
EndProject
Project("{FAE04EC0-301F-11D3-BF4B-00C04F79EFBC}") = "day_8", "..\day_8\day_8.csproj", "{D38494D9-EFCA-422E-9BF0-F94BC14D0B5C}"
EndProject
Project("{FAE04EC0-301F-11D3-BF4B-00C04F79EFBC}") = "day_9", "..\day_9\day_9.csproj", "{0FEC4E44-BECB-49D4-B838-59D9102773E1}"
EndProject
Global
	GlobalSection(SolutionConfigurationPlatforms) = preSolution
		Debug|Any CPU = Debug|Any CPU
		Release|Any CPU = Release|Any CPU
	EndGlobalSection
	GlobalSection(ProjectConfigurationPlatforms) = postSolution
		{9AF37E98-8EC6-4F89-9A72-B8742BF4A54E}.Debug|Any CPU.ActiveCfg = Debug|Any CPU
		{9AF37E98-8EC6-4F89-9A72-B8742BF4A54E}.Debug|Any CPU.Build.0 = Debug|Any CPU
		{9AF37E98-8EC6-4F89-9A72-B8742BF4A54E}.Release|Any CPU.ActiveCfg = Release|Any CPU
		{9AF37E98-8EC6-4F89-9A72-B8742BF4A54E}.Release|Any CPU.Build.0 = Release|Any CPU
		{B65405F9-1782-4FAD-AD2F-714F4DE41749}.Debug|Any CPU.ActiveCfg = Debug|Any CPU
		{B65405F9-1782-4FAD-AD2F-714F4DE41749}.Debug|Any CPU.Build.0 = Debug|Any CPU
		{B65405F9-1782-4FAD-AD2F-714F4DE41749}.Release|Any CPU.ActiveCfg = Release|Any CPU
		{B65405F9-1782-4FAD-AD2F-714F4DE41749}.Release|Any CPU.Build.0 = Release|Any CPU
		{DABA4D37-7315-42B5-8FBC-1640DFDEDAD8}.Debug|Any CPU.ActiveCfg = Debug|Any CPU
		{DABA4D37-7315-42B5-8FBC-1640DFDEDAD8}.Debug|Any CPU.Build.0 = Debug|Any CPU
		{DABA4D37-7315-42B5-8FBC-1640DFDEDAD8}.Release|Any CPU.ActiveCfg = Release|Any CPU
		{DABA4D37-7315-42B5-8FBC-1640DFDEDAD8}.Release|Any CPU.Build.0 = Release|Any CPU
		{452718FA-B62A-44AD-A02C-BA471BED6E00}.Debug|Any CPU.ActiveCfg = Debug|Any CPU
		{452718FA-B62A-44AD-A02C-BA471BED6E00}.Debug|Any CPU.Build.0 = Debug|Any CPU
		{452718FA-B62A-44AD-A02C-BA471BED6E00}.Release|Any CPU.ActiveCfg = Release|Any CPU
		{452718FA-B62A-44AD-A02C-BA471BED6E00}.Release|Any CPU.Build.0 = Release|Any CPU
		{510DE8C3-C083-4808-9B53-AA66DCFE6602}.Debug|Any CPU.ActiveCfg = Debug|Any CPU
		{510DE8C3-C083-4808-9B53-AA66DCFE6602}.Debug|Any CPU.Build.0 = Debug|Any CPU
		{510DE8C3-C083-4808-9B53-AA66DCFE6602}.Release|Any CPU.ActiveCfg = Release|Any CPU
		{510DE8C3-C083-4808-9B53-AA66DCFE6602}.Release|Any CPU.Build.0 = Release|Any CPU
		{E440AB88-EE69-447B-ABE8-67E48127B02C}.Debug|Any CPU.ActiveCfg = Debug|Any CPU
		{E440AB88-EE69-447B-ABE8-67E48127B02C}.Debug|Any CPU.Build.0 = Debug|Any CPU
		{E440AB88-EE69-447B-ABE8-67E48127B02C}.Release|Any CPU.ActiveCfg = Release|Any CPU
		{E440AB88-EE69-447B-ABE8-67E48127B02C}.Release|Any CPU.Build.0 = Release|Any CPU
		{D38494D9-EFCA-422E-9BF0-F94BC14D0B5C}.Debug|Any CPU.ActiveCfg = Debug|Any CPU
		{D38494D9-EFCA-422E-9BF0-F94BC14D0B5C}.Debug|Any CPU.Build.0 = Debug|Any CPU
		{D38494D9-EFCA-422E-9BF0-F94BC14D0B5C}.Release|Any CPU.ActiveCfg = Release|Any CPU
		{D38494D9-EFCA-422E-9BF0-F94BC14D0B5C}.Release|Any CPU.Build.0 = Release|Any CPU
		{0FEC4E44-BECB-49D4-B838-59D9102773E1}.Debug|Any CPU.ActiveCfg = Debug|Any CPU
		{0FEC4E44-BECB-49D4-B838-59D9102773E1}.Debug|Any CPU.Build.0 = Debug|Any CPU
		{0FEC4E44-BECB-49D4-B838-59D9102773E1}.Release|Any CPU.ActiveCfg = Release|Any CPU
		{0FEC4E44-BECB-49D4-B838-59D9102773E1}.Release|Any CPU.Build.0 = Release|Any CPU
	EndGlobalSection
	GlobalSection(SolutionProperties) = preSolution
		HideSolutionNode = FALSE
	EndGlobalSection
	GlobalSection(ExtensibilityGlobals) = postSolution
		SolutionGuid = {683A7363-07EF-4E83-B58C-A36475527984}
	EndGlobalSection
EndGlobal
