
Microsoft Visual Studio Solution File, Format Version 12.00
# Visual Studio Version 17
VisualStudioVersion = 17.5.002.0
MinimumVisualStudioVersion = 10.0.40219.1
Project("{9A19103F-16F7-4668-BE54-9A1E7A4F7556}") = "day_5", "day_5.csproj", "{12B1FAA4-4FD2-42E3-BF83-0E26F53F4018}"
EndProject
Global
	GlobalSection(SolutionConfigurationPlatforms) = preSolution
		Debug|Any CPU = Debug|Any CPU
		Release|Any CPU = Release|Any CPU
	EndGlobalSection
	GlobalSection(ProjectConfigurationPlatforms) = postSolution
		{12B1FAA4-4FD2-42E3-BF83-0E26F53F4018}.Debug|Any CPU.ActiveCfg = Debug|Any CPU
		{12B1FAA4-4FD2-42E3-BF83-0E26F53F4018}.Debug|Any CPU.Build.0 = Debug|Any CPU
		{12B1FAA4-4FD2-42E3-BF83-0E26F53F4018}.Release|Any CPU.ActiveCfg = Release|Any CPU
		{12B1FAA4-4FD2-42E3-BF83-0E26F53F4018}.Release|Any CPU.Build.0 = Release|Any CPU
	EndGlobalSection
	GlobalSection(SolutionProperties) = preSolution
		HideSolutionNode = FALSE
	EndGlobalSection
	GlobalSection(ExtensibilityGlobals) = postSolution
		SolutionGuid = {502FBC78-73F5-4FCB-9592-158D661A9D12}
	EndGlobalSection
EndGlobal
